
Microsoft Visual Studio Solution File, Format Version 12.00
# Visual Studio 15
Project("{FAE04EC0-301F-11D3-BF4B-00C04F79EFBC}") = "Assembly-CSharp", "Assembly-CSharp.csproj", "{0C0A949D-ECE9-EE69-136B-20AF583CF2BA}"
EndProject
Project("{FAE04EC0-301F-11D3-BF4B-00C04F79EFBC}") = "Assembly-CSharp-Editor", "Assembly-CSharp-Editor.csproj", "{96320D29-A4EA-E953-630E-489BC1C5CFB6}"
EndProject
Global
	GlobalSection(SolutionConfigurationPlatforms) = preSolution
		Debug|Any CPU = Debug|Any CPU
		Release|Any CPU = Release|Any CPU
	EndGlobalSection
	GlobalSection(ProjectConfigurationPlatforms) = postSolution
		{0C0A949D-ECE9-EE69-136B-20AF583CF2BA}.Debug|Any CPU.ActiveCfg = Debug|Any CPU
		{0C0A949D-ECE9-EE69-136B-20AF583CF2BA}.Debug|Any CPU.Build.0 = Debug|Any CPU
		{0C0A949D-ECE9-EE69-136B-20AF583CF2BA}.Release|Any CPU.ActiveCfg = Release|Any CPU
		{0C0A949D-ECE9-EE69-136B-20AF583CF2BA}.Release|Any CPU.Build.0 = Release|Any CPU
		{96320D29-A4EA-E953-630E-489BC1C5CFB6}.Debug|Any CPU.ActiveCfg = Debug|Any CPU
		{96320D29-A4EA-E953-630E-489BC1C5CFB6}.Debug|Any CPU.Build.0 = Debug|Any CPU
		{96320D29-A4EA-E953-630E-489BC1C5CFB6}.Release|Any CPU.ActiveCfg = Release|Any CPU
		{96320D29-A4EA-E953-630E-489BC1C5CFB6}.Release|Any CPU.Build.0 = Release|Any CPU
	EndGlobalSection
	GlobalSection(SolutionProperties) = preSolution
		HideSolutionNode = FALSE
	EndGlobalSection
EndGlobal
